# THIS IS AN AUTOGENERATED FILE. DO NOT EDIT THIS FILE DIRECTLY.
# yarn lockfile v1


colorful-uni@^1.0.0:
  version "1.0.0"
  resolved "https://registry.yarnpkg.com/colorful-uni/-/colorful-uni-1.0.0.tgz#437d9e03cb62223f46dee7843246eeda921803a8"
  integrity sha512-Cau7JAfcWxTxK6jGS3L7wn0aD0NzqIvJ5OukJctYRwSp0kiOjieJwkq9aHFM022vpDxEAxgILf4fZbMrq4QO6w==

uview-ui@^1.8.8:
  version "1.8.8"
  resolved "https://registry.yarnpkg.com/uview-ui/-/uview-ui-1.8.8.tgz#2db41f5b5d59452eb2a17e4aa0b684a004ed0265"
  integrity sha512-Osal3yzXiHor0In9OPTZuXTaqTbDglMZ9RGK/MPYDoQQs+y0hrBCUD0Xp5T70C8i2lLu2X6Z11zJhmsQWMR7Jg==
